// !$*UTF8*$!
{
	archiveVersion = 1;
	classes = {
	};
	objectVersion = 56;
	objects = {

/* Begin PBXBuildFile section */
		4B60FF7C2C6C3BB600280263 /* ExplorePuzzle_TextToSpeechApp.swift in Sources */ = {isa = PBXBuildFile; fileRef = 4B60FF7B2C6C3BB600280263 /* ExplorePuzzle_TextToSpeechApp.swift */; };
		4B60FF7E2C6C3BB600280263 /* ContentView.swift in Sources */ = {isa = PBXBuildFile; fileRef = 4B60FF7D2C6C3BB600280263 /* ContentView.swift */; };
		4B60FF802C6C3BB700280263 /* Assets.xcassets in Resources */ = {isa = PBXBuildFile; fileRef = 4B60FF7F2C6C3BB700280263 /* Assets.xcassets */; };
		4B60FF832C6C3BB700280263 /* Preview Assets.xcassets in Resources */ = {isa = PBXBuildFile; fileRef = 4B60FF822C6C3BB700280263 /* Preview Assets.xcassets */; };
		4B60FF8D2C6C3BB700280263 /* ExplorePuzzle_TextToSpeechTests.swift in Sources */ = {isa = PBXBuildFile; fileRef = 4B60FF8C2C6C3BB700280263 /* ExplorePuzzle_TextToSpeechTests.swift */; };
		4B60FF972C6C3BB700280263 /* ExplorePuzzle_TextToSpeechUITests.swift in Sources */ = {isa = PBXBuildFile; fileRef = 4B60FF962C6C3BB700280263 /* ExplorePuzzle_TextToSpeechUITests.swift */; };
		4B60FF992C6C3BB700280263 /* ExplorePuzzle_TextToSpeechUITestsLaunchTests.swift in Sources */ = {isa = PBXBuildFile; fileRef = 4B60FF982C6C3BB700280263 /* ExplorePuzzle_TextToSpeechUITestsLaunchTests.swift */; };
		4B60FFA72C6C3BF600280263 /* ImagePicker.swift in Sources */ = {isa = PBXBuildFile; fileRef = 4B60FFA62C6C3BF600280263 /* ImagePicker.swift */; };
		4B60FFA92C6C450600280263 /* PuzzleLoader.swift in Sources */ = {isa = PBXBuildFile; fileRef = 4B60FFA82C6C450600280263 /* PuzzleLoader.swift */; };
		4B60FFAC2C6C454D00280263 /* PuzzleTile.swift in Sources */ = {isa = PBXBuildFile; fileRef = 4B60FFAB2C6C454D00280263 /* PuzzleTile.swift */; };
		4B60FFAF2C6C46B500280263 /* UploadView.swift in Sources */ = {isa = PBXBuildFile; fileRef = 4B60FFAE2C6C46B500280263 /* UploadView.swift */; };
		4B60FFB12C6C47D300280263 /* PuzzleView.swift in Sources */ = {isa = PBXBuildFile; fileRef = 4B60FFB02C6C47D300280263 /* PuzzleView.swift */; };
		4B60FFB32C6C47FB00280263 /* PuzzleTileView.swift in Sources */ = {isa = PBXBuildFile; fileRef = 4B60FFB22C6C47FB00280263 /* PuzzleTileView.swift */; };
		4B7AC2B62C6D075C00039F34 /* TextToSpeechManager.swift in Sources */ = {isa = PBXBuildFile; fileRef = 4B7AC2B52C6D075C00039F34 /* TextToSpeechManager.swift */; };
		4B7AC2B82C6D077D00039F34 /* SpeechSynthesizerDelegate.swift in Sources */ = {isa = PBXBuildFile; fileRef = 4B7AC2B72C6D077D00039F34 /* SpeechSynthesizerDelegate.swift */; };
		4B7AC2BA2C6D07C400039F34 /* HelpView.swift in Sources */ = {isa = PBXBuildFile; fileRef = 4B7AC2B92C6D07C400039F34 /* HelpView.swift */; };
/* End PBXBuildFile section */

/* Begin PBXContainerItemProxy section */
		4B60FF892C6C3BB700280263 /* PBXContainerItemProxy */ = {
			isa = PBXContainerItemProxy;
			containerPortal = 4B60FF702C6C3BB600280263 /* Project object */;
			proxyType = 1;
			remoteGlobalIDString = 4B60FF772C6C3BB600280263;
			remoteInfo = "ExplorePuzzle&TextToSpeech";
		};
		4B60FF932C6C3BB700280263 /* PBXContainerItemProxy */ = {
			isa = PBXContainerItemProxy;
			containerPortal = 4B60FF702C6C3BB600280263 /* Project object */;
			proxyType = 1;
			remoteGlobalIDString = 4B60FF772C6C3BB600280263;
			remoteInfo = "ExplorePuzzle&TextToSpeech";
		};
/* End PBXContainerItemProxy section */

/* Begin PBXFileReference section */
		4B60FF782C6C3BB600280263 /* ExplorePuzzle&TextToSpeech.app */ = {isa = PBXFileReference; explicitFileType = wrapper.application; includeInIndex = 0; path = "ExplorePuzzle&TextToSpeech.app"; sourceTree = BUILT_PRODUCTS_DIR; };
		4B60FF7B2C6C3BB600280263 /* ExplorePuzzle_TextToSpeechApp.swift */ = {isa = PBXFileReference; lastKnownFileType = sourcecode.swift; path = ExplorePuzzle_TextToSpeechApp.swift; sourceTree = "<group>"; };
		4B60FF7D2C6C3BB600280263 /* ContentView.swift */ = {isa = PBXFileReference; lastKnownFileType = sourcecode.swift; path = ContentView.swift; sourceTree = "<group>"; };
		4B60FF7F2C6C3BB700280263 /* Assets.xcassets */ = {isa = PBXFileReference; lastKnownFileType = folder.assetcatalog; path = Assets.xcassets; sourceTree = "<group>"; };
		4B60FF822C6C3BB700280263 /* Preview Assets.xcassets */ = {isa = PBXFileReference; lastKnownFileType = folder.assetcatalog; path = "Preview Assets.xcassets"; sourceTree = "<group>"; };
		4B60FF882C6C3BB700280263 /* ExplorePuzzle&TextToSpeechTests.xctest */ = {isa = PBXFileReference; explicitFileType = wrapper.cfbundle; includeInIndex = 0; path = "ExplorePuzzle&TextToSpeechTests.xctest"; sourceTree = BUILT_PRODUCTS_DIR; };
		4B60FF8C2C6C3BB700280263 /* ExplorePuzzle_TextToSpeechTests.swift */ = {isa = PBXFileReference; lastKnownFileType = sourcecode.swift; path = ExplorePuzzle_TextToSpeechTests.swift; sourceTree = "<group>"; };
		4B60FF922C6C3BB700280263 /* ExplorePuzzle&TextToSpeechUITests.xctest */ = {isa = PBXFileReference; explicitFileType = wrapper.cfbundle; includeInIndex = 0; path = "ExplorePuzzle&TextToSpeechUITests.xctest"; sourceTree = BUILT_PRODUCTS_DIR; };
		4B60FF962C6C3BB700280263 /* ExplorePuzzle_TextToSpeechUITests.swift */ = {isa = PBXFileReference; lastKnownFileType = sourcecode.swift; path = ExplorePuzzle_TextToSpeechUITests.swift; sourceTree = "<group>"; };
		4B60FF982C6C3BB700280263 /* ExplorePuzzle_TextToSpeechUITestsLaunchTests.swift */ = {isa = PBXFileReference; lastKnownFileType = sourcecode.swift; path = ExplorePuzzle_TextToSpeechUITestsLaunchTests.swift; sourceTree = "<group>"; };
		4B60FFA62C6C3BF600280263 /* ImagePicker.swift */ = {isa = PBXFileReference; lastKnownFileType = sourcecode.swift; path = ImagePicker.swift; sourceTree = "<group>"; };
		4B60FFA82C6C450600280263 /* PuzzleLoader.swift */ = {isa = PBXFileReference; lastKnownFileType = sourcecode.swift; path = PuzzleLoader.swift; sourceTree = "<group>"; };
		4B60FFAB2C6C454D00280263 /* PuzzleTile.swift */ = {isa = PBXFileReference; lastKnownFileType = sourcecode.swift; path = PuzzleTile.swift; sourceTree = "<group>"; };
		4B60FFAE2C6C46B500280263 /* UploadView.swift */ = {isa = PBXFileReference; lastKnownFileType = sourcecode.swift; path = UploadView.swift; sourceTree = "<group>"; };
		4B60FFB02C6C47D300280263 /* PuzzleView.swift */ = {isa = PBXFileReference; lastKnownFileType = sourcecode.swift; path = PuzzleView.swift; sourceTree = "<group>"; };
		4B60FFB22C6C47FB00280263 /* PuzzleTileView.swift */ = {isa = PBXFileReference; lastKnownFileType = sourcecode.swift; path = PuzzleTileView.swift; sourceTree = "<group>"; };
		4B7AC2B52C6D075C00039F34 /* TextToSpeechManager.swift */ = {isa = PBXFileReference; lastKnownFileType = sourcecode.swift; path = TextToSpeechManager.swift; sourceTree = "<group>"; };
		4B7AC2B72C6D077D00039F34 /* SpeechSynthesizerDelegate.swift */ = {isa = PBXFileReference; lastKnownFileType = sourcecode.swift; path = SpeechSynthesizerDelegate.swift; sourceTree = "<group>"; };
		4B7AC2B92C6D07C400039F34 /* HelpView.swift */ = {isa = PBXFileReference; lastKnownFileType = sourcecode.swift; path = HelpView.swift; sourceTree = "<group>"; };
/* End PBXFileReference section */

/* Begin PBXFrameworksBuildPhase section */
		4B60FF752C6C3BB600280263 /* Frameworks */ = {
			isa = PBXFrameworksBuildPhase;
			buildActionMask = 2147483647;
			files = (
			);
			runOnlyForDeploymentPostprocessing = 0;
		};
		4B60FF852C6C3BB700280263 /* Frameworks */ = {
			isa = PBXFrameworksBuildPhase;
			buildActionMask = 2147483647;
			files = (
			);
			runOnlyForDeploymentPostprocessing = 0;
		};
		4B60FF8F2C6C3BB700280263 /* Frameworks */ = {
			isa = PBXFrameworksBuildPhase;
			buildActionMask = 2147483647;
			files = (
			);
			runOnlyForDeploymentPostprocessing = 0;
		};
/* End PBXFrameworksBuildPhase section */

/* Begin PBXGroup section */
		4B60FF6F2C6C3BB600280263 = {
			isa = PBXGroup;
			children = (
				4B60FF7A2C6C3BB600280263 /* ExplorePuzzle&TextToSpeech */,
				4B60FF8B2C6C3BB700280263 /* ExplorePuzzle&TextToSpeechTests */,
				4B60FF952C6C3BB700280263 /* ExplorePuzzle&TextToSpeechUITests */,
				4B60FF792C6C3BB600280263 /* Products */,
			);
			sourceTree = "<group>";
		};
		4B60FF792C6C3BB600280263 /* Products */ = {
			isa = PBXGroup;
			children = (
				4B60FF782C6C3BB600280263 /* ExplorePuzzle&TextToSpeech.app */,
				4B60FF882C6C3BB700280263 /* ExplorePuzzle&TextToSpeechTests.xctest */,
				4B60FF922C6C3BB700280263 /* ExplorePuzzle&TextToSpeechUITests.xctest */,
			);
			name = Products;
			sourceTree = "<group>";
		};
		4B60FF7A2C6C3BB600280263 /* ExplorePuzzle&TextToSpeech */ = {
			isa = PBXGroup;
			children = (
				4B60FFAD2C6C469A00280263 /* Views */,
				4B60FFAA2C6C453B00280263 /* Models */,
				4B60FFA52C6C3BDC00280263 /* Helpers */,
				4B60FF7B2C6C3BB600280263 /* ExplorePuzzle_TextToSpeechApp.swift */,
				4B60FF7D2C6C3BB600280263 /* ContentView.swift */,
				4B60FF7F2C6C3BB700280263 /* Assets.xcassets */,
				4B60FF812C6C3BB700280263 /* Preview Content */,
			);
			path = "ExplorePuzzle&TextToSpeech";
			sourceTree = "<group>";
		};
		4B60FF812C6C3BB700280263 /* Preview Content */ = {
			isa = PBXGroup;
			children = (
				4B60FF822C6C3BB700280263 /* Preview Assets.xcassets */,
			);
			path = "Preview Content";
			sourceTree = "<group>";
		};
		4B60FF8B2C6C3BB700280263 /* ExplorePuzzle&TextToSpeechTests */ = {
			isa = PBXGroup;
			children = (
				4B60FF8C2C6C3BB700280263 /* ExplorePuzzle_TextToSpeechTests.swift */,
			);
			path = "ExplorePuzzle&TextToSpeechTests";
			sourceTree = "<group>";
		};
		4B60FF952C6C3BB700280263 /* ExplorePuzzle&TextToSpeechUITests */ = {
			isa = PBXGroup;
			children = (
				4B60FF962C6C3BB700280263 /* ExplorePuzzle_TextToSpeechUITests.swift */,
				4B60FF982C6C3BB700280263 /* ExplorePuzzle_TextToSpeechUITestsLaunchTests.swift */,
			);
			path = "ExplorePuzzle&TextToSpeechUITests";
			sourceTree = "<group>";
		};
		4B60FFA52C6C3BDC00280263 /* Helpers */ = {
			isa = PBXGroup;
			children = (
				4B60FFA62C6C3BF600280263 /* ImagePicker.swift */,
				4B60FFA82C6C450600280263 /* PuzzleLoader.swift */,
				4B7AC2B52C6D075C00039F34 /* TextToSpeechManager.swift */,
				4B7AC2B72C6D077D00039F34 /* SpeechSynthesizerDelegate.swift */,
			);
			path = Helpers;
			sourceTree = "<group>";
		};
		4B60FFAA2C6C453B00280263 /* Models */ = {
			isa = PBXGroup;
			children = (
				4B60FFAB2C6C454D00280263 /* PuzzleTile.swift */,
			);
			path = Models;
			sourceTree = "<group>";
		};
		4B60FFAD2C6C469A00280263 /* Views */ = {
			isa = PBXGroup;
			children = (
				4B60FFAE2C6C46B500280263 /* UploadView.swift */,
				4B60FFB02C6C47D300280263 /* PuzzleView.swift */,
				4B60FFB22C6C47FB00280263 /* PuzzleTileView.swift */,
				4B7AC2B92C6D07C400039F34 /* HelpView.swift */,
			);
			path = Views;
			sourceTree = "<group>";
		};
/* End PBXGroup section */

/* Begin PBXNativeTarget section */
		4B60FF772C6C3BB600280263 /* ExplorePuzzle&TextToSpeech */ = {
			isa = PBXNativeTarget;
			buildConfigurationList = 4B60FF9C2C6C3BB700280263 /* Build configuration list for PBXNativeTarget "ExplorePuzzle&TextToSpeech" */;
			buildPhases = (
				4B60FF742C6C3BB600280263 /* Sources */,
				4B60FF752C6C3BB600280263 /* Frameworks */,
				4B60FF762C6C3BB600280263 /* Resources */,
			);
			buildRules = (
			);
			dependencies = (
			);
			name = "ExplorePuzzle&TextToSpeech";
			productName = "ExplorePuzzle&TextToSpeech";
			productReference = 4B60FF782C6C3BB600280263 /* ExplorePuzzle&TextToSpeech.app */;
			productType = "com.apple.product-type.application";
		};
		4B60FF872C6C3BB700280263 /* ExplorePuzzle&TextToSpeechTests */ = {
			isa = PBXNativeTarget;
			buildConfigurationList = 4B60FF9F2C6C3BB700280263 /* Build configuration list for PBXNativeTarget "ExplorePuzzle&TextToSpeechTests" */;
			buildPhases = (
				4B60FF842C6C3BB700280263 /* Sources */,
				4B60FF852C6C3BB700280263 /* Frameworks */,
				4B60FF862C6C3BB700280263 /* Resources */,
			);
			buildRules = (
			);
			dependencies = (
				4B60FF8A2C6C3BB700280263 /* PBXTargetDependency */,
			);
			name = "ExplorePuzzle&TextToSpeechTests";
			productName = "ExplorePuzzle&TextToSpeechTests";
			productReference = 4B60FF882C6C3BB700280263 /* ExplorePuzzle&TextToSpeechTests.xctest */;
			productType = "com.apple.product-type.bundle.unit-test";
		};
		4B60FF912C6C3BB700280263 /* ExplorePuzzle&TextToSpeechUITests */ = {
			isa = PBXNativeTarget;
			buildConfigurationList = 4B60FFA22C6C3BB700280263 /* Build configuration list for PBXNativeTarget "ExplorePuzzle&TextToSpeechUITests" */;
			buildPhases = (
				4B60FF8E2C6C3BB700280263 /* Sources */,
				4B60FF8F2C6C3BB700280263 /* Frameworks */,
				4B60FF902C6C3BB700280263 /* Resources */,
			);
			buildRules = (
			);
			dependencies = (
				4B60FF942C6C3BB700280263 /* PBXTargetDependency */,
			);
			name = "ExplorePuzzle&TextToSpeechUITests";
			productName = "ExplorePuzzle&TextToSpeechUITests";
			productReference = 4B60FF922C6C3BB700280263 /* ExplorePuzzle&TextToSpeechUITests.xctest */;
			productType = "com.apple.product-type.bundle.ui-testing";
		};
/* End PBXNativeTarget section */

/* Begin PBXProject section */
		4B60FF702C6C3BB600280263 /* Project object */ = {
			isa = PBXProject;
			attributes = {
				BuildIndependentTargetsInParallel = 1;
				LastSwiftUpdateCheck = 1520;
				LastUpgradeCheck = 1520;
				TargetAttributes = {
					4B60FF772C6C3BB600280263 = {
						CreatedOnToolsVersion = 15.2;
					};
					4B60FF872C6C3BB700280263 = {
						CreatedOnToolsVersion = 15.2;
						TestTargetID = 4B60FF772C6C3BB600280263;
					};
					4B60FF912C6C3BB700280263 = {
						CreatedOnToolsVersion = 15.2;
						TestTargetID = 4B60FF772C6C3BB600280263;
					};
				};
			};
			buildConfigurationList = 4B60FF732C6C3BB600280263 /* Build configuration list for PBXProject "ExplorePuzzle&TextToSpeech" */;
			compatibilityVersion = "Xcode 14.0";
			developmentRegion = en;
			hasScannedForEncodings = 0;
			knownRegions = (
				en,
				Base,
			);
			mainGroup = 4B60FF6F2C6C3BB600280263;
			productRefGroup = 4B60FF792C6C3BB600280263 /* Products */;
			projectDirPath = "";
			projectRoot = "";
			targets = (
				4B60FF772C6C3BB600280263 /* ExplorePuzzle&TextToSpeech */,
				4B60FF872C6C3BB700280263 /* ExplorePuzzle&TextToSpeechTests */,
				4B60FF912C6C3BB700280263 /* ExplorePuzzle&TextToSpeechUITests */,
			);
		};
/* End PBXProject section */

/* Begin PBXResourcesBuildPhase section */
		4B60FF762C6C3BB600280263 /* Resources */ = {
			isa = PBXResourcesBuildPhase;
			buildActionMask = 2147483647;
			files = (
				4B60FF832C6C3BB700280263 /* Preview Assets.xcassets in Resources */,
				4B60FF802C6C3BB700280263 /* Assets.xcassets in Resources */,
			);
			runOnlyForDeploymentPostprocessing = 0;
		};
		4B60FF862C6C3BB700280263 /* Resources */ = {
			isa = PBXResourcesBuildPhase;
			buildActionMask = 2147483647;
			files = (
			);
			runOnlyForDeploymentPostprocessing = 0;
		};
		4B60FF902C6C3BB700280263 /* Resources */ = {
			isa = PBXResourcesBuildPhase;
			buildActionMask = 2147483647;
			files = (
			);
			runOnlyForDeploymentPostprocessing = 0;
		};
/* End PBXResourcesBuildPhase section */

/* Begin PBXSourcesBuildPhase section */
		4B60FF742C6C3BB600280263 /* Sources */ = {
			isa = PBXSourcesBuildPhase;
			buildActionMask = 2147483647;
			files = (
				4B7AC2B62C6D075C00039F34 /* TextToSpeechManager.swift in Sources */,
				4B60FFA72C6C3BF600280263 /* ImagePicker.swift in Sources */,
				4B60FF7E2C6C3BB600280263 /* ContentView.swift in Sources */,
				4B60FFB32C6C47FB00280263 /* PuzzleTileView.swift in Sources */,
				4B60FFAF2C6C46B500280263 /* UploadView.swift in Sources */,
				4B7AC2BA2C6D07C400039F34 /* HelpView.swift in Sources */,
				4B7AC2B82C6D077D00039F34 /* SpeechSynthesizerDelegate.swift in Sources */,
				4B60FFB12C6C47D300280263 /* PuzzleView.swift in Sources */,
				4B60FFAC2C6C454D00280263 /* PuzzleTile.swift in Sources */,
				4B60FFA92C6C450600280263 /* PuzzleLoader.swift in Sources */,
				4B60FF7C2C6C3BB600280263 /* ExplorePuzzle_TextToSpeechApp.swift in Sources */,
			);
			runOnlyForDeploymentPostprocessing = 0;
		};
		4B60FF842C6C3BB700280263 /* Sources */ = {
			isa = PBXSourcesBuildPhase;
			buildActionMask = 2147483647;
			files = (
				4B60FF8D2C6C3BB700280263 /* ExplorePuzzle_TextToSpeechTests.swift in Sources */,
			);
			runOnlyForDeploymentPostprocessing = 0;
		};
		4B60FF8E2C6C3BB700280263 /* Sources */ = {
			isa = PBXSourcesBuildPhase;
			buildActionMask = 2147483647;
			files = (
				4B60FF992C6C3BB700280263 /* ExplorePuzzle_TextToSpeechUITestsLaunchTests.swift in Sources */,
				4B60FF972C6C3BB700280263 /* ExplorePuzzle_TextToSpeechUITests.swift in Sources */,
			);
			runOnlyForDeploymentPostprocessing = 0;
		};
/* End PBXSourcesBuildPhase section */

/* Begin PBXTargetDependency section */
		4B60FF8A2C6C3BB700280263 /* PBXTargetDependency */ = {
			isa = PBXTargetDependency;
			target = 4B60FF772C6C3BB600280263 /* ExplorePuzzle&TextToSpeech */;
			targetProxy = 4B60FF892C6C3BB700280263 /* PBXContainerItemProxy */;
		};
		4B60FF942C6C3BB700280263 /* PBXTargetDependency */ = {
			isa = PBXTargetDependency;
			target = 4B60FF772C6C3BB600280263 /* ExplorePuzzle&TextToSpeech */;
			targetProxy = 4B60FF932C6C3BB700280263 /* PBXContainerItemProxy */;
		};
/* End PBXTargetDependency section */

/* Begin XCBuildConfiguration section */
		4B60FF9A2C6C3BB700280263 /* Debug */ = {
			isa = XCBuildConfiguration;
			buildSettings = {
				ALWAYS_SEARCH_USER_PATHS = NO;
				ASSETCATALOG_COMPILER_GENERATE_SWIFT_ASSET_SYMBOL_EXTENSIONS = YES;
				CLANG_ANALYZER_NONNULL = YES;
				CLANG_ANALYZER_NUMBER_OBJECT_CONVERSION = YES_AGGRESSIVE;
				CLANG_CXX_LANGUAGE_STANDARD = "gnu++20";
				CLANG_ENABLE_MODULES = YES;
				CLANG_ENABLE_OBJC_ARC = YES;
				CLANG_ENABLE_OBJC_WEAK = YES;
				CLANG_WARN_BLOCK_CAPTURE_AUTORELEASING = YES;
				CLANG_WARN_BOOL_CONVERSION = YES;
				CLANG_WARN_COMMA = YES;
				CLANG_WARN_CONSTANT_CONVERSION = YES;
				CLANG_WARN_DEPRECATED_OBJC_IMPLEMENTATIONS = YES;
				CLANG_WARN_DIRECT_OBJC_ISA_USAGE = YES_ERROR;
				CLANG_WARN_DOCUMENTATION_COMMENTS = YES;
				CLANG_WARN_EMPTY_BODY = YES;
				CLANG_WARN_ENUM_CONVERSION = YES;
				CLANG_WARN_INFINITE_RECURSION = YES;
				CLANG_WARN_INT_CONVERSION = YES;
				CLANG_WARN_NON_LITERAL_NULL_CONVERSION = YES;
				CLANG_WARN_OBJC_IMPLICIT_RETAIN_SELF = YES;
				CLANG_WARN_OBJC_LITERAL_CONVERSION = YES;
				CLANG_WARN_OBJC_ROOT_CLASS = YES_ERROR;
				CLANG_WARN_QUOTED_INCLUDE_IN_FRAMEWORK_HEADER = YES;
				CLANG_WARN_RANGE_LOOP_ANALYSIS = YES;
				CLANG_WARN_STRICT_PROTOTYPES = YES;
				CLANG_WARN_SUSPICIOUS_MOVE = YES;
				CLANG_WARN_UNGUARDED_AVAILABILITY = YES_AGGRESSIVE;
				CLANG_WARN_UNREACHABLE_CODE = YES;
				CLANG_WARN__DUPLICATE_METHOD_MATCH = YES;
				COPY_PHASE_STRIP = NO;
				DEBUG_INFORMATION_FORMAT = dwarf;
				ENABLE_STRICT_OBJC_MSGSEND = YES;
				ENABLE_TESTABILITY = YES;
				ENABLE_USER_SCRIPT_SANDBOXING = YES;
				GCC_C_LANGUAGE_STANDARD = gnu17;
				GCC_DYNAMIC_NO_PIC = NO;
				GCC_NO_COMMON_BLOCKS = YES;
				GCC_OPTIMIZATION_LEVEL = 0;
				GCC_PREPROCESSOR_DEFINITIONS = (
					"DEBUG=1",
					"$(inherited)",
				);
				GCC_WARN_64_TO_32_BIT_CONVERSION = YES;
				GCC_WARN_ABOUT_RETURN_TYPE = YES_ERROR;
				GCC_WARN_UNDECLARED_SELECTOR = YES;
				GCC_WARN_UNINITIALIZED_AUTOS = YES_AGGRESSIVE;
				GCC_WARN_UNUSED_FUNCTION = YES;
				GCC_WARN_UNUSED_VARIABLE = YES;
				IPHONEOS_DEPLOYMENT_TARGET = 17.2;
				LOCALIZATION_PREFERS_STRING_CATALOGS = YES;
				MTL_ENABLE_DEBUG_INFO = INCLUDE_SOURCE;
				MTL_FAST_MATH = YES;
				ONLY_ACTIVE_ARCH = YES;
				SDKROOT = iphoneos;
				SWIFT_ACTIVE_COMPILATION_CONDITIONS = "DEBUG $(inherited)";
				SWIFT_OPTIMIZATION_LEVEL = "-Onone";
			};
			name = Debug;
		};
		4B60FF9B2C6C3BB700280263 /* Release */ = {
			isa = XCBuildConfiguration;
			buildSettings = {
				ALWAYS_SEARCH_USER_PATHS = NO;
				ASSETCATALOG_COMPILER_GENERATE_SWIFT_ASSET_SYMBOL_EXTENSIONS = YES;
				CLANG_ANALYZER_NONNULL = YES;
				CLANG_ANALYZER_NUMBER_OBJECT_CONVERSION = YES_AGGRESSIVE;
				CLANG_CXX_LANGUAGE_STANDARD = "gnu++20";
				CLANG_ENABLE_MODULES = YES;
				CLANG_ENABLE_OBJC_ARC = YES;
				CLANG_ENABLE_OBJC_WEAK = YES;
				CLANG_WARN_BLOCK_CAPTURE_AUTORELEASING = YES;
				CLANG_WARN_BOOL_CONVERSION = YES;
				CLANG_WARN_COMMA = YES;
				CLANG_WARN_CONSTANT_CONVERSION = YES;
				CLANG_WARN_DEPRECATED_OBJC_IMPLEMENTATIONS = YES;
				CLANG_WARN_DIRECT_OBJC_ISA_USAGE = YES_ERROR;
				CLANG_WARN_DOCUMENTATION_COMMENTS = YES;
				CLANG_WARN_EMPTY_BODY = YES;
				CLANG_WARN_ENUM_CONVERSION = YES;
				CLANG_WARN_INFINITE_RECURSION = YES;
				CLANG_WARN_INT_CONVERSION = YES;
				CLANG_WARN_NON_LITERAL_NULL_CONVERSION = YES;
				CLANG_WARN_OBJC_IMPLICIT_RETAIN_SELF = YES;
				CLANG_WARN_OBJC_LITERAL_CONVERSION = YES;
				CLANG_WARN_OBJC_ROOT_CLASS = YES_ERROR;
				CLANG_WARN_QUOTED_INCLUDE_IN_FRAMEWORK_HEADER = YES;
				CLANG_WARN_RANGE_LOOP_ANALYSIS = YES;
				CLANG_WARN_STRICT_PROTOTYPES = YES;
				CLANG_WARN_SUSPICIOUS_MOVE = YES;
				CLANG_WARN_UNGUARDED_AVAILABILITY = YES_AGGRESSIVE;
				CLANG_WARN_UNREACHABLE_CODE = YES;
				CLANG_WARN__DUPLICATE_METHOD_MATCH = YES;
				COPY_PHASE_STRIP = NO;
				DEBUG_INFORMATION_FORMAT = "dwarf-with-dsym";
				ENABLE_NS_ASSERTIONS = NO;
				ENABLE_STRICT_OBJC_MSGSEND = YES;
				ENABLE_USER_SCRIPT_SANDBOXING = YES;
				GCC_C_LANGUAGE_STANDARD = gnu17;
				GCC_NO_COMMON_BLOCKS = YES;
				GCC_WARN_64_TO_32_BIT_CONVERSION = YES;
				GCC_WARN_ABOUT_RETURN_TYPE = YES_ERROR;
				GCC_WARN_UNDECLARED_SELECTOR = YES;
				GCC_WARN_UNINITIALIZED_AUTOS = YES_AGGRESSIVE;
				GCC_WARN_UNUSED_FUNCTION = YES;
				GCC_WARN_UNUSED_VARIABLE = YES;
				IPHONEOS_DEPLOYMENT_TARGET = 17.2;
				LOCALIZATION_PREFERS_STRING_CATALOGS = YES;
				MTL_ENABLE_DEBUG_INFO = NO;
				MTL_FAST_MATH = YES;
				SDKROOT = iphoneos;
				SWIFT_COMPILATION_MODE = wholemodule;
				VALIDATE_PRODUCT = YES;
			};
			name = Release;
		};
		4B60FF9D2C6C3BB700280263 /* Debug */ = {
			isa = XCBuildConfiguration;
			buildSettings = {
				ASSETCATALOG_COMPILER_APPICON_NAME = AppIcon;
				ASSETCATALOG_COMPILER_GLOBAL_ACCENT_COLOR_NAME = AccentColor;
				CODE_SIGN_STYLE = Automatic;
				CURRENT_PROJECT_VERSION = 1;
				DEVELOPMENT_ASSET_PATHS = "\"ExplorePuzzle&TextToSpeech/Preview Content\"";
				DEVELOPMENT_TEAM = 5CCCQW7FJ8;
				ENABLE_PREVIEWS = YES;
				GENERATE_INFOPLIST_FILE = YES;
				INFOPLIST_KEY_UIApplicationSceneManifest_Generation = YES;
				INFOPLIST_KEY_UIApplicationSupportsIndirectInputEvents = YES;
				INFOPLIST_KEY_UILaunchScreen_Generation = YES;
				INFOPLIST_KEY_UISupportedInterfaceOrientations_iPad = "UIInterfaceOrientationPortrait UIInterfaceOrientationPortraitUpsideDown UIInterfaceOrientationLandscapeLeft UIInterfaceOrientationLandscapeRight";
				INFOPLIST_KEY_UISupportedInterfaceOrientations_iPhone = "UIInterfaceOrientationPortrait UIInterfaceOrientationLandscapeLeft UIInterfaceOrientationLandscapeRight";
				IPHONEOS_DEPLOYMENT_TARGET = 17.2;
				LD_RUNPATH_SEARCH_PATHS = (
					"$(inherited)",
					"@executable_path/Frameworks",
				);
				MARKETING_VERSION = 1.0;
				PRODUCT_BUNDLE_IDENTIFIER = "Haliza-Syafa.ExplorePuzzle-TextToSpeech";
				PRODUCT_NAME = "$(TARGET_NAME)";
				SWIFT_EMIT_LOC_STRINGS = YES;
				SWIFT_VERSION = 5.0;
				TARGETED_DEVICE_FAMILY = "1,2";
			};
			name = Debug;
		};
		4B60FF9E2C6C3BB700280263 /* Release */ = {
			isa = XCBuildConfiguration;
			buildSettings = {
				ASSETCATALOG_COMPILER_APPICON_NAME = AppIcon;
				ASSETCATALOG_COMPILER_GLOBAL_ACCENT_COLOR_NAME = AccentColor;
				CODE_SIGN_STYLE = Automatic;
				CURRENT_PROJECT_VERSION = 1;
				DEVELOPMENT_ASSET_PATHS = "\"ExplorePuzzle&TextToSpeech/Preview Content\"";
				DEVELOPMENT_TEAM = 5CCCQW7FJ8;
				ENABLE_PREVIEWS = YES;
				GENERATE_INFOPLIST_FILE = YES;
				INFOPLIST_KEY_UIApplicationSceneManifest_Generation = YES;
				INFOPLIST_KEY_UIApplicationSupportsIndirectInputEvents = YES;
				INFOPLIST_KEY_UILaunchScreen_Generation = YES;
				INFOPLIST_KEY_UISupportedInterfaceOrientations_iPad = "UIInterfaceOrientationPortrait UIInterfaceOrientationPortraitUpsideDown UIInterfaceOrientationLandscapeLeft UIInterfaceOrientationLandscapeRight";
				INFOPLIST_KEY_UISupportedInterfaceOrientations_iPhone = "UIInterfaceOrientationPortrait UIInterfaceOrientationLandscapeLeft UIInterfaceOrientationLandscapeRight";
				IPHONEOS_DEPLOYMENT_TARGET = 17.2;
				LD_RUNPATH_SEARCH_PATHS = (
					"$(inherited)",
					"@executable_path/Frameworks",
				);
				MARKETING_VERSION = 1.0;
				PRODUCT_BUNDLE_IDENTIFIER = "Haliza-Syafa.ExplorePuzzle-TextToSpeech";
				PRODUCT_NAME = "$(TARGET_NAME)";
				SWIFT_EMIT_LOC_STRINGS = YES;
				SWIFT_VERSION = 5.0;
				TARGETED_DEVICE_FAMILY = "1,2";
			};
			name = Release;
		};
		4B60FFA02C6C3BB700280263 /* Debug */ = {
			isa = XCBuildConfiguration;
			buildSettings = {
				ALWAYS_EMBED_SWIFT_STANDARD_LIBRARIES = YES;
				BUNDLE_LOADER = "$(TEST_HOST)";
				CODE_SIGN_STYLE = Automatic;
				CURRENT_PROJECT_VERSION = 1;
				DEVELOPMENT_TEAM = 5CCCQW7FJ8;
				GENERATE_INFOPLIST_FILE = YES;
				IPHONEOS_DEPLOYMENT_TARGET = 17.2;
				MARKETING_VERSION = 1.0;
				PRODUCT_BUNDLE_IDENTIFIER = "Haliza-Syafa.ExplorePuzzle-TextToSpeechTests";
				PRODUCT_NAME = "$(TARGET_NAME)";
				SWIFT_EMIT_LOC_STRINGS = NO;
				SWIFT_VERSION = 5.0;
				TARGETED_DEVICE_FAMILY = "1,2";
				TEST_HOST = "$(BUILT_PRODUCTS_DIR)/ExplorePuzzle&TextToSpeech.app/$(BUNDLE_EXECUTABLE_FOLDER_PATH)/ExplorePuzzle&TextToSpeech";
			};
			name = Debug;
		};
		4B60FFA12C6C3BB700280263 /* Release */ = {
			isa = XCBuildConfiguration;
			buildSettings = {
				ALWAYS_EMBED_SWIFT_STANDARD_LIBRARIES = YES;
				BUNDLE_LOADER = "$(TEST_HOST)";
				CODE_SIGN_STYLE = Automatic;
				CURRENT_PROJECT_VERSION = 1;
				DEVELOPMENT_TEAM = 5CCCQW7FJ8;
				GENERATE_INFOPLIST_FILE = YES;
				IPHONEOS_DEPLOYMENT_TARGET = 17.2;
				MARKETING_VERSION = 1.0;
				PRODUCT_BUNDLE_IDENTIFIER = "Haliza-Syafa.ExplorePuzzle-TextToSpeechTests";
				PRODUCT_NAME = "$(TARGET_NAME)";
				SWIFT_EMIT_LOC_STRINGS = NO;
				SWIFT_VERSION = 5.0;
				TARGETED_DEVICE_FAMILY = "1,2";
				TEST_HOST = "$(BUILT_PRODUCTS_DIR)/ExplorePuzzle&TextToSpeech.app/$(BUNDLE_EXECUTABLE_FOLDER_PATH)/ExplorePuzzle&TextToSpeech";
			};
			name = Release;
		};
		4B60FFA32C6C3BB700280263 /* Debug */ = {
			isa = XCBuildConfiguration;
			buildSettings = {
				ALWAYS_EMBED_SWIFT_STANDARD_LIBRARIES = YES;
				CODE_SIGN_STYLE = Automatic;
				CURRENT_PROJECT_VERSION = 1;
				DEVELOPMENT_TEAM = 5CCCQW7FJ8;
				GENERATE_INFOPLIST_FILE = YES;
				MARKETING_VERSION = 1.0;
				PRODUCT_BUNDLE_IDENTIFIER = "Haliza-Syafa.ExplorePuzzle-TextToSpeechUITests";
				PRODUCT_NAME = "$(TARGET_NAME)";
				SWIFT_EMIT_LOC_STRINGS = NO;
				SWIFT_VERSION = 5.0;
				TARGETED_DEVICE_FAMILY = "1,2";
				TEST_TARGET_NAME = "ExplorePuzzle&TextToSpeech";
			};
			name = Debug;
		};
		4B60FFA42C6C3BB700280263 /* Release */ = {
			isa = XCBuildConfiguration;
			buildSettings = {
				ALWAYS_EMBED_SWIFT_STANDARD_LIBRARIES = YES;
				CODE_SIGN_STYLE = Automatic;
				CURRENT_PROJECT_VERSION = 1;
				DEVELOPMENT_TEAM = 5CCCQW7FJ8;
				GENERATE_INFOPLIST_FILE = YES;
				MARKETING_VERSION = 1.0;
				PRODUCT_BUNDLE_IDENTIFIER = "Haliza-Syafa.ExplorePuzzle-TextToSpeechUITests";
				PRODUCT_NAME = "$(TARGET_NAME)";
				SWIFT_EMIT_LOC_STRINGS = NO;
				SWIFT_VERSION = 5.0;
				TARGETED_DEVICE_FAMILY = "1,2";
				TEST_TARGET_NAME = "ExplorePuzzle&TextToSpeech";
			};
			name = Release;
		};
/* End XCBuildConfiguration section */

/* Begin XCConfigurationList section */
		4B60FF732C6C3BB600280263 /* Build configuration list for PBXProject "ExplorePuzzle&TextToSpeech" */ = {
			isa = XCConfigurationList;
			buildConfigurations = (
				4B60FF9A2C6C3BB700280263 /* Debug */,
				4B60FF9B2C6C3BB700280263 /* Release */,
			);
			defaultConfigurationIsVisible = 0;
			defaultConfigurationName = Release;
		};
		4B60FF9C2C6C3BB700280263 /* Build configuration list for PBXNativeTarget "ExplorePuzzle&TextToSpeech" */ = {
			isa = XCConfigurationList;
			buildConfigurations = (
				4B60FF9D2C6C3BB700280263 /* Debug */,
				4B60FF9E2C6C3BB700280263 /* Release */,
			);
			defaultConfigurationIsVisible = 0;
			defaultConfigurationName = Release;
		};
		4B60FF9F2C6C3BB700280263 /* Build configuration list for PBXNativeTarget "ExplorePuzzle&TextToSpeechTests" */ = {
			isa = XCConfigurationList;
			buildConfigurations = (
				4B60FFA02C6C3BB700280263 /* Debug */,
				4B60FFA12C6C3BB700280263 /* Release */,
			);
			defaultConfigurationIsVisible = 0;
			defaultConfigurationName = Release;
		};
		4B60FFA22C6C3BB700280263 /* Build configuration list for PBXNativeTarget "ExplorePuzzle&TextToSpeechUITests" */ = {
			isa = XCConfigurationList;
			buildConfigurations = (
				4B60FFA32C6C3BB700280263 /* Debug */,
				4B60FFA42C6C3BB700280263 /* Release */,
			);
			defaultConfigurationIsVisible = 0;
			defaultConfigurationName = Release;
		};
/* End XCConfigurationList section */
	};
	rootObject = 4B60FF702C6C3BB600280263 /* Project object */;
}
